
Microsoft Visual Studio Solution File, Format Version 12.00
Project("{FAE04EC0-301F-11D3-BF4B-00C04F79EFBC}") = "ChessMagic", "ChessMagic\ChessMagic.csproj", "{08A0CB8A-A1F4-42B2-A159-927FBD7F8B51}"
EndProject
Global
	GlobalSection(SolutionConfigurationPlatforms) = preSolution
		Debug|Any CPU = Debug|Any CPU
		Release|Any CPU = Release|Any CPU
	EndGlobalSection
	GlobalSection(ProjectConfigurationPlatforms) = postSolution
		{08A0CB8A-A1F4-42B2-A159-927FBD7F8B51}.Debug|Any CPU.ActiveCfg = Debug|Any CPU
		{08A0CB8A-A1F4-42B2-A159-927FBD7F8B51}.Debug|Any CPU.Build.0 = Debug|Any CPU
		{08A0CB8A-A1F4-42B2-A159-927FBD7F8B51}.Release|Any CPU.ActiveCfg = Release|Any CPU
		{08A0CB8A-A1F4-42B2-A159-927FBD7F8B51}.Release|Any CPU.Build.0 = Release|Any CPU
	EndGlobalSection
EndGlobal
